
Microsoft Visual Studio Solution File, Format Version 11.00
# Visual Studio 2010
Project("{FAE04EC0-301F-11D3-BF4B-00C04F79EFBC}") = "Assembly-CSharp", "Assembly-CSharp.csproj", "{06373C66-A52C-0097-976B-E26C70061A45}"
EndProject
Project("{FAE04EC0-301F-11D3-BF4B-00C04F79EFBC}") = "Assembly-CSharp-firstpass", "Assembly-CSharp-firstpass.csproj", "{3F15F104-45C7-0BB4-6B68-8D2D36E926B8}"
EndProject
Global
	GlobalSection(SolutionConfigurationPlatforms) = preSolution
		Debug|Any CPU = Debug|Any CPU
		Release|Any CPU = Release|Any CPU
	EndGlobalSection
	GlobalSection(ProjectConfigurationPlatforms) = postSolution
		{06373C66-A52C-0097-976B-E26C70061A45}.Debug|Any CPU.ActiveCfg = Debug|Any CPU
		{06373C66-A52C-0097-976B-E26C70061A45}.Debug|Any CPU.Build.0 = Debug|Any CPU
		{06373C66-A52C-0097-976B-E26C70061A45}.Release|Any CPU.ActiveCfg = Release|Any CPU
		{06373C66-A52C-0097-976B-E26C70061A45}.Release|Any CPU.Build.0 = Release|Any CPU
		{3F15F104-45C7-0BB4-6B68-8D2D36E926B8}.Debug|Any CPU.ActiveCfg = Debug|Any CPU
		{3F15F104-45C7-0BB4-6B68-8D2D36E926B8}.Debug|Any CPU.Build.0 = Debug|Any CPU
		{3F15F104-45C7-0BB4-6B68-8D2D36E926B8}.Release|Any CPU.ActiveCfg = Release|Any CPU
		{3F15F104-45C7-0BB4-6B68-8D2D36E926B8}.Release|Any CPU.Build.0 = Release|Any CPU
	EndGlobalSection
	GlobalSection(SolutionProperties) = preSolution
		HideSolutionNode = FALSE
	EndGlobalSection
EndGlobal
